
Microsoft Visual Studio Solution File, Format Version 12.00
# Visual Studio Version 17
VisualStudioVersion = 17.4.33122.133
MinimumVisualStudioVersion = 10.0.40219.1
Project("{FAE04EC0-301F-11D3-BF4B-00C04F79EFBC}") = "DesafioConversor", "DesafioConversor\DesafioConversor.csproj", "{843222E4-1EB6-4E42-99DC-D977E133B5BF}"
EndProject
Global
	GlobalSection(SolutionConfigurationPlatforms) = preSolution
		Debug|Any CPU = Debug|Any CPU
		Release|Any CPU = Release|Any CPU
	EndGlobalSection
	GlobalSection(ProjectConfigurationPlatforms) = postSolution
		{843222E4-1EB6-4E42-99DC-D977E133B5BF}.Debug|Any CPU.ActiveCfg = Debug|Any CPU
		{843222E4-1EB6-4E42-99DC-D977E133B5BF}.Debug|Any CPU.Build.0 = Debug|Any CPU
		{843222E4-1EB6-4E42-99DC-D977E133B5BF}.Release|Any CPU.ActiveCfg = Release|Any CPU
		{843222E4-1EB6-4E42-99DC-D977E133B5BF}.Release|Any CPU.Build.0 = Release|Any CPU
	EndGlobalSection
	GlobalSection(SolutionProperties) = preSolution
		HideSolutionNode = FALSE
	EndGlobalSection
	GlobalSection(ExtensibilityGlobals) = postSolution
		SolutionGuid = {771AD5FE-3B85-4DFF-B87E-B67376C63D28}
	EndGlobalSection
EndGlobal
